
Microsoft Visual Studio Solution File, Format Version 12.00
# Visual Studio 15
VisualStudioVersion = 15.0.28307.705
MinimumVisualStudioVersion = 10.0.40219.1
Project("{FAE04EC0-301F-11D3-BF4B-00C04F79EFBC}") = "OpenClose", "OpenClose\OpenClose.csproj", "{56D1A2C2-A161-4562-BA02-33159C8076CF}"
EndProject
Global
	GlobalSection(SolutionConfigurationPlatforms) = preSolution
		Debug|Any CPU = Debug|Any CPU
		Release|Any CPU = Release|Any CPU
	EndGlobalSection
	GlobalSection(ProjectConfigurationPlatforms) = postSolution
		{56D1A2C2-A161-4562-BA02-33159C8076CF}.Debug|Any CPU.ActiveCfg = Debug|Any CPU
		{56D1A2C2-A161-4562-BA02-33159C8076CF}.Debug|Any CPU.Build.0 = Debug|Any CPU
		{56D1A2C2-A161-4562-BA02-33159C8076CF}.Release|Any CPU.ActiveCfg = Release|Any CPU
		{56D1A2C2-A161-4562-BA02-33159C8076CF}.Release|Any CPU.Build.0 = Release|Any CPU
	EndGlobalSection
	GlobalSection(SolutionProperties) = preSolution
		HideSolutionNode = FALSE
	EndGlobalSection
	GlobalSection(ExtensibilityGlobals) = postSolution
		SolutionGuid = {435F5445-8EB6-4BBD-91C9-9F768BC270CA}
	EndGlobalSection
EndGlobal
